
Microsoft Visual Studio Solution File, Format Version 12.00
# Visual Studio 15
VisualStudioVersion = 15.0.28307.329
MinimumVisualStudioVersion = 10.0.40219.1
Project("{9A19103F-16F7-4668-BE54-9A1E7A4F7556}") = "RedSocialMinijuegosCore", "RedSocialMinijuegosCore\RedSocialMinijuegosCore.csproj", "{D7318501-5C95-4A25-AD36-A4D46C3461F0}"
EndProject
Project("{FAE04EC0-301F-11D3-BF4B-00C04F79EFBC}") = "ApiMinijuegos", "ApiMinijuegos\ApiMinijuegos.csproj", "{1E4E316A-236E-40D1-9EC3-329BB6E01092}"
EndProject
Global
	GlobalSection(SolutionConfigurationPlatforms) = preSolution
		Debug|Any CPU = Debug|Any CPU
		Release|Any CPU = Release|Any CPU
	EndGlobalSection
	GlobalSection(ProjectConfigurationPlatforms) = postSolution
		{D7318501-5C95-4A25-AD36-A4D46C3461F0}.Debug|Any CPU.ActiveCfg = Debug|Any CPU
		{D7318501-5C95-4A25-AD36-A4D46C3461F0}.Debug|Any CPU.Build.0 = Debug|Any CPU
		{D7318501-5C95-4A25-AD36-A4D46C3461F0}.Release|Any CPU.ActiveCfg = Release|Any CPU
		{D7318501-5C95-4A25-AD36-A4D46C3461F0}.Release|Any CPU.Build.0 = Release|Any CPU
		{1E4E316A-236E-40D1-9EC3-329BB6E01092}.Debug|Any CPU.ActiveCfg = Debug|Any CPU
		{1E4E316A-236E-40D1-9EC3-329BB6E01092}.Debug|Any CPU.Build.0 = Debug|Any CPU
		{1E4E316A-236E-40D1-9EC3-329BB6E01092}.Release|Any CPU.ActiveCfg = Release|Any CPU
		{1E4E316A-236E-40D1-9EC3-329BB6E01092}.Release|Any CPU.Build.0 = Release|Any CPU
	EndGlobalSection
	GlobalSection(SolutionProperties) = preSolution
		HideSolutionNode = FALSE
	EndGlobalSection
	GlobalSection(ExtensibilityGlobals) = postSolution
		SolutionGuid = {F3B4DBF0-FD00-4E49-BA0F-21FDC40B0583}
	EndGlobalSection
EndGlobal
